// !$*UTF8*$!
{
	archiveVersion = 1;
	classes = {
	};
	objectVersion = 77;
	objects = {

/* Begin PBXBuildFile section */
		EC1F171C2D43D66300C33266 /* CoreNetworking in Frameworks */ = {isa = PBXBuildFile; productRef = EC1F171B2D43D66300C33266 /* CoreNetworking */; };
/* End PBXBuildFile section */

/* Begin PBXContainerItemProxy section */
		EC1F14F22D2C309000C33266 /* PBXContainerItemProxy */ = {
			isa = PBXContainerItemProxy;
			containerPortal = EC1F14D92D2C308F00C33266 /* Project object */;
			proxyType = 1;
			remoteGlobalIDString = EC1F14E02D2C308F00C33266;
			remoteInfo = PokedexApp;
		};
		EC1F14FC2D2C309000C33266 /* PBXContainerItemProxy */ = {
			isa = PBXContainerItemProxy;
			containerPortal = EC1F14D92D2C308F00C33266 /* Project object */;
			proxyType = 1;
			remoteGlobalIDString = EC1F14E02D2C308F00C33266;
			remoteInfo = PokedexApp;
		};
/* End PBXContainerItemProxy section */

/* Begin PBXFileReference section */
		EC1F14E12D2C308F00C33266 /* PokedexApp.app */ = {isa = PBXFileReference; explicitFileType = wrapper.application; includeInIndex = 0; path = PokedexApp.app; sourceTree = BUILT_PRODUCTS_DIR; };
		EC1F14F12D2C309000C33266 /* PokedexAppTests.xctest */ = {isa = PBXFileReference; explicitFileType = wrapper.cfbundle; includeInIndex = 0; path = PokedexAppTests.xctest; sourceTree = BUILT_PRODUCTS_DIR; };
		EC1F14FB2D2C309000C33266 /* PokedexAppUITests.xctest */ = {isa = PBXFileReference; explicitFileType = wrapper.cfbundle; includeInIndex = 0; path = PokedexAppUITests.xctest; sourceTree = BUILT_PRODUCTS_DIR; };
/* End PBXFileReference section */

/* Begin PBXFileSystemSynchronizedRootGroup section */
		EC1F14E32D2C308F00C33266 /* PokedexApp */ = {
			isa = PBXFileSystemSynchronizedRootGroup;
			path = PokedexApp;
			sourceTree = "<group>";
		};
		EC1F14F42D2C309000C33266 /* PokedexAppTests */ = {
			isa = PBXFileSystemSynchronizedRootGroup;
			path = PokedexAppTests;
			sourceTree = "<group>";
		};
		EC1F14FE2D2C309000C33266 /* PokedexAppUITests */ = {
			isa = PBXFileSystemSynchronizedRootGroup;
			path = PokedexAppUITests;
			sourceTree = "<group>";
		};
/* End PBXFileSystemSynchronizedRootGroup section */

/* Begin PBXFrameworksBuildPhase section */
		EC1F14DE2D2C308F00C33266 /* Frameworks */ = {
			isa = PBXFrameworksBuildPhase;
			buildActionMask = 2147483647;
			files = (
				EC1F171C2D43D66300C33266 /* CoreNetworking in Frameworks */,
			);
			runOnlyForDeploymentPostprocessing = 0;
		};
		EC1F14EE2D2C309000C33266 /* Frameworks */ = {
			isa = PBXFrameworksBuildPhase;
			buildActionMask = 2147483647;
			files = (
			);
			runOnlyForDeploymentPostprocessing = 0;
		};
		EC1F14F82D2C309000C33266 /* Frameworks */ = {
			isa = PBXFrameworksBuildPhase;
			buildActionMask = 2147483647;
			files = (
			);
			runOnlyForDeploymentPostprocessing = 0;
		};
/* End PBXFrameworksBuildPhase section */

/* Begin PBXGroup section */
		EC1F14D82D2C308F00C33266 = {
			isa = PBXGroup;
			children = (
				EC1F14E32D2C308F00C33266 /* PokedexApp */,
				EC1F14F42D2C309000C33266 /* PokedexAppTests */,
				EC1F14FE2D2C309000C33266 /* PokedexAppUITests */,
				EC1F14E22D2C308F00C33266 /* Products */,
			);
			sourceTree = "<group>";
		};
		EC1F14E22D2C308F00C33266 /* Products */ = {
			isa = PBXGroup;
			children = (
				EC1F14E12D2C308F00C33266 /* PokedexApp.app */,
				EC1F14F12D2C309000C33266 /* PokedexAppTests.xctest */,
				EC1F14FB2D2C309000C33266 /* PokedexAppUITests.xctest */,
			);
			name = Products;
			sourceTree = "<group>";
		};
/* End PBXGroup section */

/* Begin PBXNativeTarget section */
		EC1F14E02D2C308F00C33266 /* PokedexApp */ = {
			isa = PBXNativeTarget;
			buildConfigurationList = EC1F15052D2C309000C33266 /* Build configuration list for PBXNativeTarget "PokedexApp" */;
			buildPhases = (
				EC1F14DD2D2C308F00C33266 /* Sources */,
				EC1F14DE2D2C308F00C33266 /* Frameworks */,
				EC1F14DF2D2C308F00C33266 /* Resources */,
			);
			buildRules = (
			);
			dependencies = (
			);
			fileSystemSynchronizedGroups = (
				EC1F14E32D2C308F00C33266 /* PokedexApp */,
			);
			name = PokedexApp;
			packageProductDependencies = (
				EC1F171B2D43D66300C33266 /* CoreNetworking */,
			);
			productName = PokedexApp;
			productReference = EC1F14E12D2C308F00C33266 /* PokedexApp.app */;
			productType = "com.apple.product-type.application";
		};
		EC1F14F02D2C309000C33266 /* PokedexAppTests */ = {
			isa = PBXNativeTarget;
			buildConfigurationList = EC1F15082D2C309000C33266 /* Build configuration list for PBXNativeTarget "PokedexAppTests" */;
			buildPhases = (
				EC1F14ED2D2C309000C33266 /* Sources */,
				EC1F14EE2D2C309000C33266 /* Frameworks */,
				EC1F14EF2D2C309000C33266 /* Resources */,
			);
			buildRules = (
			);
			dependencies = (
				EC1F14F32D2C309000C33266 /* PBXTargetDependency */,
			);
			fileSystemSynchronizedGroups = (
				EC1F14F42D2C309000C33266 /* PokedexAppTests */,
			);
			name = PokedexAppTests;
			packageProductDependencies = (
			);
			productName = PokedexAppTests;
			productReference = EC1F14F12D2C309000C33266 /* PokedexAppTests.xctest */;
			productType = "com.apple.product-type.bundle.unit-test";
		};
		EC1F14FA2D2C309000C33266 /* PokedexAppUITests */ = {
			isa = PBXNativeTarget;
			buildConfigurationList = EC1F150B2D2C309000C33266 /* Build configuration list for PBXNativeTarget "PokedexAppUITests" */;
			buildPhases = (
				EC1F14F72D2C309000C33266 /* Sources */,
				EC1F14F82D2C309000C33266 /* Frameworks */,
				EC1F14F92D2C309000C33266 /* Resources */,
			);
			buildRules = (
			);
			dependencies = (
				EC1F14FD2D2C309000C33266 /* PBXTargetDependency */,
			);
			fileSystemSynchronizedGroups = (
				EC1F14FE2D2C309000C33266 /* PokedexAppUITests */,
			);
			name = PokedexAppUITests;
			packageProductDependencies = (
			);
			productName = PokedexAppUITests;
			productReference = EC1F14FB2D2C309000C33266 /* PokedexAppUITests.xctest */;
			productType = "com.apple.product-type.bundle.ui-testing";
		};
/* End PBXNativeTarget section */

/* Begin PBXProject section */
		EC1F14D92D2C308F00C33266 /* Project object */ = {
			isa = PBXProject;
			attributes = {
				BuildIndependentTargetsInParallel = 1;
				LastSwiftUpdateCheck = 1600;
				LastUpgradeCheck = 1600;
				TargetAttributes = {
					EC1F14E02D2C308F00C33266 = {
						CreatedOnToolsVersion = 16.0;
					};
					EC1F14F02D2C309000C33266 = {
						CreatedOnToolsVersion = 16.0;
						TestTargetID = EC1F14E02D2C308F00C33266;
					};
					EC1F14FA2D2C309000C33266 = {
						CreatedOnToolsVersion = 16.0;
						TestTargetID = EC1F14E02D2C308F00C33266;
					};
				};
			};
			buildConfigurationList = EC1F14DC2D2C308F00C33266 /* Build configuration list for PBXProject "PokedexApp" */;
			developmentRegion = en;
			hasScannedForEncodings = 0;
			knownRegions = (
				en,
				Base,
			);
			mainGroup = EC1F14D82D2C308F00C33266;
			minimizedProjectReferenceProxies = 1;
			packageReferences = (
				EC1F16DB2D43D0C900C33266 /* XCRemoteSwiftPackageReference "CoreNetworking" */,
			);
			preferredProjectObjectVersion = 77;
			productRefGroup = EC1F14E22D2C308F00C33266 /* Products */;
			projectDirPath = "";
			projectRoot = "";
			targets = (
				EC1F14E02D2C308F00C33266 /* PokedexApp */,
				EC1F14F02D2C309000C33266 /* PokedexAppTests */,
				EC1F14FA2D2C309000C33266 /* PokedexAppUITests */,
			);
		};
/* End PBXProject section */

/* Begin PBXResourcesBuildPhase section */
		EC1F14DF2D2C308F00C33266 /* Resources */ = {
			isa = PBXResourcesBuildPhase;
			buildActionMask = 2147483647;
			files = (
			);
			runOnlyForDeploymentPostprocessing = 0;
		};
		EC1F14EF2D2C309000C33266 /* Resources */ = {
			isa = PBXResourcesBuildPhase;
			buildActionMask = 2147483647;
			files = (
			);
			runOnlyForDeploymentPostprocessing = 0;
		};
		EC1F14F92D2C309000C33266 /* Resources */ = {
			isa = PBXResourcesBuildPhase;
			buildActionMask = 2147483647;
			files = (
			);
			runOnlyForDeploymentPostprocessing = 0;
		};
/* End PBXResourcesBuildPhase section */

/* Begin PBXSourcesBuildPhase section */
		EC1F14DD2D2C308F00C33266 /* Sources */ = {
			isa = PBXSourcesBuildPhase;
			buildActionMask = 2147483647;
			files = (
			);
			runOnlyForDeploymentPostprocessing = 0;
		};
		EC1F14ED2D2C309000C33266 /* Sources */ = {
			isa = PBXSourcesBuildPhase;
			buildActionMask = 2147483647;
			files = (
			);
			runOnlyForDeploymentPostprocessing = 0;
		};
		EC1F14F72D2C309000C33266 /* Sources */ = {
			isa = PBXSourcesBuildPhase;
			buildActionMask = 2147483647;
			files = (
			);
			runOnlyForDeploymentPostprocessing = 0;
		};
/* End PBXSourcesBuildPhase section */

/* Begin PBXTargetDependency section */
		EC1F14F32D2C309000C33266 /* PBXTargetDependency */ = {
			isa = PBXTargetDependency;
			target = EC1F14E02D2C308F00C33266 /* PokedexApp */;
			targetProxy = EC1F14F22D2C309000C33266 /* PBXContainerItemProxy */;
		};
		EC1F14FD2D2C309000C33266 /* PBXTargetDependency */ = {
			isa = PBXTargetDependency;
			target = EC1F14E02D2C308F00C33266 /* PokedexApp */;
			targetProxy = EC1F14FC2D2C309000C33266 /* PBXContainerItemProxy */;
		};
/* End PBXTargetDependency section */

/* Begin XCBuildConfiguration section */
		EC1F15032D2C309000C33266 /* Debug */ = {
			isa = XCBuildConfiguration;
			buildSettings = {
				ALWAYS_SEARCH_USER_PATHS = NO;
				ASSETCATALOG_COMPILER_GENERATE_SWIFT_ASSET_SYMBOL_EXTENSIONS = YES;
				CLANG_ANALYZER_NONNULL = YES;
				CLANG_ANALYZER_NUMBER_OBJECT_CONVERSION = YES_AGGRESSIVE;
				CLANG_CXX_LANGUAGE_STANDARD = "gnu++20";
				CLANG_ENABLE_MODULES = YES;
				CLANG_ENABLE_OBJC_ARC = YES;
				CLANG_ENABLE_OBJC_WEAK = YES;
				CLANG_WARN_BLOCK_CAPTURE_AUTORELEASING = YES;
				CLANG_WARN_BOOL_CONVERSION = YES;
				CLANG_WARN_COMMA = YES;
				CLANG_WARN_CONSTANT_CONVERSION = YES;
				CLANG_WARN_DEPRECATED_OBJC_IMPLEMENTATIONS = YES;
				CLANG_WARN_DIRECT_OBJC_ISA_USAGE = YES_ERROR;
				CLANG_WARN_DOCUMENTATION_COMMENTS = YES;
				CLANG_WARN_EMPTY_BODY = YES;
				CLANG_WARN_ENUM_CONVERSION = YES;
				CLANG_WARN_INFINITE_RECURSION = YES;
				CLANG_WARN_INT_CONVERSION = YES;
				CLANG_WARN_NON_LITERAL_NULL_CONVERSION = YES;
				CLANG_WARN_OBJC_IMPLICIT_RETAIN_SELF = YES;
				CLANG_WARN_OBJC_LITERAL_CONVERSION = YES;
				CLANG_WARN_OBJC_ROOT_CLASS = YES_ERROR;
				CLANG_WARN_QUOTED_INCLUDE_IN_FRAMEWORK_HEADER = YES;
				CLANG_WARN_RANGE_LOOP_ANALYSIS = YES;
				CLANG_WARN_STRICT_PROTOTYPES = YES;
				CLANG_WARN_SUSPICIOUS_MOVE = YES;
				CLANG_WARN_UNGUARDED_AVAILABILITY = YES_AGGRESSIVE;
				CLANG_WARN_UNREACHABLE_CODE = YES;
				CLANG_WARN__DUPLICATE_METHOD_MATCH = YES;
				COPY_PHASE_STRIP = NO;
				DEBUG_INFORMATION_FORMAT = dwarf;
				ENABLE_STRICT_OBJC_MSGSEND = YES;
				ENABLE_TESTABILITY = YES;
				ENABLE_USER_SCRIPT_SANDBOXING = YES;
				GCC_C_LANGUAGE_STANDARD = gnu17;
				GCC_DYNAMIC_NO_PIC = NO;
				GCC_NO_COMMON_BLOCKS = YES;
				GCC_OPTIMIZATION_LEVEL = 0;
				GCC_PREPROCESSOR_DEFINITIONS = (
					"DEBUG=1",
					"$(inherited)",
				);
				GCC_WARN_64_TO_32_BIT_CONVERSION = YES;
				GCC_WARN_ABOUT_RETURN_TYPE = YES_ERROR;
				GCC_WARN_UNDECLARED_SELECTOR = YES;
				GCC_WARN_UNINITIALIZED_AUTOS = YES_AGGRESSIVE;
				GCC_WARN_UNUSED_FUNCTION = YES;
				GCC_WARN_UNUSED_VARIABLE = YES;
				IPHONEOS_DEPLOYMENT_TARGET = 18.0;
				LOCALIZATION_PREFERS_STRING_CATALOGS = YES;
				MTL_ENABLE_DEBUG_INFO = INCLUDE_SOURCE;
				MTL_FAST_MATH = YES;
				ONLY_ACTIVE_ARCH = YES;
				SDKROOT = iphoneos;
				SWIFT_ACTIVE_COMPILATION_CONDITIONS = "DEBUG $(inherited)";
				SWIFT_OPTIMIZATION_LEVEL = "-Onone";
			};
			name = Debug;
		};
		EC1F15042D2C309000C33266 /* Release */ = {
			isa = XCBuildConfiguration;
			buildSettings = {
				ALWAYS_SEARCH_USER_PATHS = NO;
				ASSETCATALOG_COMPILER_GENERATE_SWIFT_ASSET_SYMBOL_EXTENSIONS = YES;
				CLANG_ANALYZER_NONNULL = YES;
				CLANG_ANALYZER_NUMBER_OBJECT_CONVERSION = YES_AGGRESSIVE;
				CLANG_CXX_LANGUAGE_STANDARD = "gnu++20";
				CLANG_ENABLE_MODULES = YES;
				CLANG_ENABLE_OBJC_ARC = YES;
				CLANG_ENABLE_OBJC_WEAK = YES;
				CLANG_WARN_BLOCK_CAPTURE_AUTORELEASING = YES;
				CLANG_WARN_BOOL_CONVERSION = YES;
				CLANG_WARN_COMMA = YES;
				CLANG_WARN_CONSTANT_CONVERSION = YES;
				CLANG_WARN_DEPRECATED_OBJC_IMPLEMENTATIONS = YES;
				CLANG_WARN_DIRECT_OBJC_ISA_USAGE = YES_ERROR;
				CLANG_WARN_DOCUMENTATION_COMMENTS = YES;
				CLANG_WARN_EMPTY_BODY = YES;
				CLANG_WARN_ENUM_CONVERSION = YES;
				CLANG_WARN_INFINITE_RECURSION = YES;
				CLANG_WARN_INT_CONVERSION = YES;
				CLANG_WARN_NON_LITERAL_NULL_CONVERSION = YES;
				CLANG_WARN_OBJC_IMPLICIT_RETAIN_SELF = YES;
				CLANG_WARN_OBJC_LITERAL_CONVERSION = YES;
				CLANG_WARN_OBJC_ROOT_CLASS = YES_ERROR;
				CLANG_WARN_QUOTED_INCLUDE_IN_FRAMEWORK_HEADER = YES;
				CLANG_WARN_RANGE_LOOP_ANALYSIS = YES;
				CLANG_WARN_STRICT_PROTOTYPES = YES;
				CLANG_WARN_SUSPICIOUS_MOVE = YES;
				CLANG_WARN_UNGUARDED_AVAILABILITY = YES_AGGRESSIVE;
				CLANG_WARN_UNREACHABLE_CODE = YES;
				CLANG_WARN__DUPLICATE_METHOD_MATCH = YES;
				COPY_PHASE_STRIP = NO;
				DEBUG_INFORMATION_FORMAT = "dwarf-with-dsym";
				ENABLE_NS_ASSERTIONS = NO;
				ENABLE_STRICT_OBJC_MSGSEND = YES;
				ENABLE_USER_SCRIPT_SANDBOXING = YES;
				GCC_C_LANGUAGE_STANDARD = gnu17;
				GCC_NO_COMMON_BLOCKS = YES;
				GCC_WARN_64_TO_32_BIT_CONVERSION = YES;
				GCC_WARN_ABOUT_RETURN_TYPE = YES_ERROR;
				GCC_WARN_UNDECLARED_SELECTOR = YES;
				GCC_WARN_UNINITIALIZED_AUTOS = YES_AGGRESSIVE;
				GCC_WARN_UNUSED_FUNCTION = YES;
				GCC_WARN_UNUSED_VARIABLE = YES;
				IPHONEOS_DEPLOYMENT_TARGET = 18.0;
				LOCALIZATION_PREFERS_STRING_CATALOGS = YES;
				MTL_ENABLE_DEBUG_INFO = NO;
				MTL_FAST_MATH = YES;
				SDKROOT = iphoneos;
				SWIFT_COMPILATION_MODE = wholemodule;
				VALIDATE_PRODUCT = YES;
			};
			name = Release;
		};
		EC1F15062D2C309000C33266 /* Debug */ = {
			isa = XCBuildConfiguration;
			buildSettings = {
				ASSETCATALOG_COMPILER_APPICON_NAME = AppIcon;
				ASSETCATALOG_COMPILER_GLOBAL_ACCENT_COLOR_NAME = AccentColor;
				CODE_SIGN_STYLE = Automatic;
				CURRENT_PROJECT_VERSION = 1;
				DEVELOPMENT_ASSET_PATHS = "\"PokedexApp/Preview Content\"";
				ENABLE_PREVIEWS = YES;
				GENERATE_INFOPLIST_FILE = YES;
				INFOPLIST_KEY_UIApplicationSceneManifest_Generation = YES;
				INFOPLIST_KEY_UIApplicationSupportsIndirectInputEvents = YES;
				INFOPLIST_KEY_UILaunchScreen_Generation = YES;
				INFOPLIST_KEY_UISupportedInterfaceOrientations_iPad = "UIInterfaceOrientationPortrait UIInterfaceOrientationPortraitUpsideDown UIInterfaceOrientationLandscapeLeft UIInterfaceOrientationLandscapeRight";
				INFOPLIST_KEY_UISupportedInterfaceOrientations_iPhone = "UIInterfaceOrientationPortrait UIInterfaceOrientationLandscapeLeft UIInterfaceOrientationLandscapeRight";
				LD_RUNPATH_SEARCH_PATHS = (
					"$(inherited)",
					"@executable_path/Frameworks",
				);
				MARKETING_VERSION = 1.0;
				PRODUCT_BUNDLE_IDENTIFIER = marian.PokedexApp;
				PRODUCT_NAME = "$(TARGET_NAME)";
				SWIFT_EMIT_LOC_STRINGS = YES;
				SWIFT_VERSION = 5.0;
				TARGETED_DEVICE_FAMILY = "1,2";
			};
			name = Debug;
		};
		EC1F15072D2C309000C33266 /* Release */ = {
			isa = XCBuildConfiguration;
			buildSettings = {
				ASSETCATALOG_COMPILER_APPICON_NAME = AppIcon;
				ASSETCATALOG_COMPILER_GLOBAL_ACCENT_COLOR_NAME = AccentColor;
				CODE_SIGN_STYLE = Automatic;
				CURRENT_PROJECT_VERSION = 1;
				DEVELOPMENT_ASSET_PATHS = "\"PokedexApp/Preview Content\"";
				ENABLE_PREVIEWS = YES;
				GENERATE_INFOPLIST_FILE = YES;
				INFOPLIST_KEY_UIApplicationSceneManifest_Generation = YES;
				INFOPLIST_KEY_UIApplicationSupportsIndirectInputEvents = YES;
				INFOPLIST_KEY_UILaunchScreen_Generation = YES;
				INFOPLIST_KEY_UISupportedInterfaceOrientations_iPad = "UIInterfaceOrientationPortrait UIInterfaceOrientationPortraitUpsideDown UIInterfaceOrientationLandscapeLeft UIInterfaceOrientationLandscapeRight";
				INFOPLIST_KEY_UISupportedInterfaceOrientations_iPhone = "UIInterfaceOrientationPortrait UIInterfaceOrientationLandscapeLeft UIInterfaceOrientationLandscapeRight";
				LD_RUNPATH_SEARCH_PATHS = (
					"$(inherited)",
					"@executable_path/Frameworks",
				);
				MARKETING_VERSION = 1.0;
				PRODUCT_BUNDLE_IDENTIFIER = marian.PokedexApp;
				PRODUCT_NAME = "$(TARGET_NAME)";
				SWIFT_EMIT_LOC_STRINGS = YES;
				SWIFT_VERSION = 5.0;
				TARGETED_DEVICE_FAMILY = "1,2";
			};
			name = Release;
		};
		EC1F15092D2C309000C33266 /* Debug */ = {
			isa = XCBuildConfiguration;
			buildSettings = {
				BUNDLE_LOADER = "$(TEST_HOST)";
				CODE_SIGN_STYLE = Automatic;
				CURRENT_PROJECT_VERSION = 1;
				GENERATE_INFOPLIST_FILE = YES;
				IPHONEOS_DEPLOYMENT_TARGET = 18.0;
				MARKETING_VERSION = 1.0;
				PRODUCT_BUNDLE_IDENTIFIER = marian.PokedexAppTests;
				PRODUCT_NAME = "$(TARGET_NAME)";
				SWIFT_EMIT_LOC_STRINGS = NO;
				SWIFT_VERSION = 5.0;
				TARGETED_DEVICE_FAMILY = "1,2";
				TEST_HOST = "$(BUILT_PRODUCTS_DIR)/PokedexApp.app/$(BUNDLE_EXECUTABLE_FOLDER_PATH)/PokedexApp";
			};
			name = Debug;
		};
		EC1F150A2D2C309000C33266 /* Release */ = {
			isa = XCBuildConfiguration;
			buildSettings = {
				BUNDLE_LOADER = "$(TEST_HOST)";
				CODE_SIGN_STYLE = Automatic;
				CURRENT_PROJECT_VERSION = 1;
				GENERATE_INFOPLIST_FILE = YES;
				IPHONEOS_DEPLOYMENT_TARGET = 18.0;
				MARKETING_VERSION = 1.0;
				PRODUCT_BUNDLE_IDENTIFIER = marian.PokedexAppTests;
				PRODUCT_NAME = "$(TARGET_NAME)";
				SWIFT_EMIT_LOC_STRINGS = NO;
				SWIFT_VERSION = 5.0;
				TARGETED_DEVICE_FAMILY = "1,2";
				TEST_HOST = "$(BUILT_PRODUCTS_DIR)/PokedexApp.app/$(BUNDLE_EXECUTABLE_FOLDER_PATH)/PokedexApp";
			};
			name = Release;
		};
		EC1F150C2D2C309000C33266 /* Debug */ = {
			isa = XCBuildConfiguration;
			buildSettings = {
				CODE_SIGN_STYLE = Automatic;
				CURRENT_PROJECT_VERSION = 1;
				GENERATE_INFOPLIST_FILE = YES;
				MARKETING_VERSION = 1.0;
				PRODUCT_BUNDLE_IDENTIFIER = marian.PokedexAppUITests;
				PRODUCT_NAME = "$(TARGET_NAME)";
				SWIFT_EMIT_LOC_STRINGS = NO;
				SWIFT_VERSION = 5.0;
				TARGETED_DEVICE_FAMILY = "1,2";
				TEST_TARGET_NAME = PokedexApp;
			};
			name = Debug;
		};
		EC1F150D2D2C309000C33266 /* Release */ = {
			isa = XCBuildConfiguration;
			buildSettings = {
				CODE_SIGN_STYLE = Automatic;
				CURRENT_PROJECT_VERSION = 1;
				GENERATE_INFOPLIST_FILE = YES;
				MARKETING_VERSION = 1.0;
				PRODUCT_BUNDLE_IDENTIFIER = marian.PokedexAppUITests;
				PRODUCT_NAME = "$(TARGET_NAME)";
				SWIFT_EMIT_LOC_STRINGS = NO;
				SWIFT_VERSION = 5.0;
				TARGETED_DEVICE_FAMILY = "1,2";
				TEST_TARGET_NAME = PokedexApp;
			};
			name = Release;
		};
/* End XCBuildConfiguration section */

/* Begin XCConfigurationList section */
		EC1F14DC2D2C308F00C33266 /* Build configuration list for PBXProject "PokedexApp" */ = {
			isa = XCConfigurationList;
			buildConfigurations = (
				EC1F15032D2C309000C33266 /* Debug */,
				EC1F15042D2C309000C33266 /* Release */,
			);
			defaultConfigurationIsVisible = 0;
			defaultConfigurationName = Release;
		};
		EC1F15052D2C309000C33266 /* Build configuration list for PBXNativeTarget "PokedexApp" */ = {
			isa = XCConfigurationList;
			buildConfigurations = (
				EC1F15062D2C309000C33266 /* Debug */,
				EC1F15072D2C309000C33266 /* Release */,
			);
			defaultConfigurationIsVisible = 0;
			defaultConfigurationName = Release;
		};
		EC1F15082D2C309000C33266 /* Build configuration list for PBXNativeTarget "PokedexAppTests" */ = {
			isa = XCConfigurationList;
			buildConfigurations = (
				EC1F15092D2C309000C33266 /* Debug */,
				EC1F150A2D2C309000C33266 /* Release */,
			);
			defaultConfigurationIsVisible = 0;
			defaultConfigurationName = Release;
		};
		EC1F150B2D2C309000C33266 /* Build configuration list for PBXNativeTarget "PokedexAppUITests" */ = {
			isa = XCConfigurationList;
			buildConfigurations = (
				EC1F150C2D2C309000C33266 /* Debug */,
				EC1F150D2D2C309000C33266 /* Release */,
			);
			defaultConfigurationIsVisible = 0;
			defaultConfigurationName = Release;
		};
/* End XCConfigurationList section */

/* Begin XCRemoteSwiftPackageReference section */
		EC1F16DB2D43D0C900C33266 /* XCRemoteSwiftPackageReference "CoreNetworking" */ = {
			isa = XCRemoteSwiftPackageReference;
			repositoryURL = "https://github.com/mdb1/CoreNetworking.git";
			requirement = {
				kind = upToNextMajorVersion;
				minimumVersion = 0.1.1;
			};
		};
/* End XCRemoteSwiftPackageReference section */

/* Begin XCSwiftPackageProductDependency section */
		EC1F171B2D43D66300C33266 /* CoreNetworking */ = {
			isa = XCSwiftPackageProductDependency;
			package = EC1F16DB2D43D0C900C33266 /* XCRemoteSwiftPackageReference "CoreNetworking" */;
			productName = CoreNetworking;
		};
/* End XCSwiftPackageProductDependency section */
	};
	rootObject = EC1F14D92D2C308F00C33266 /* Project object */;
}
