{
  "originHash" : "2684ef4f04a527ecd367018bf2c2fd1f9d97dda3e0209fb72c95f23a652599b9",
  "pins" : [
    {
      "identity" : "corenetworking",
      "kind" : "remoteSourceControl",
      "location" : "https://github.com/mdb1/CoreNetworking.git",
      "state" : {
        "revision" : "0c45531109c64043fa91ef41929a39b071e7784e",
        "version" : "0.1.1"
      }
    },
    {
      "identity" : "uiimagecolors",
      "kind" : "remoteSourceControl",
      "location" : "https://github.com/jathu/UIImageColors",
      "state" : {
        "revision" : "e49e6c32ea556e9fa0109dc79686bea4a10d41a2",
        "version" : "2.2.0"
      }
    }
  ],
  "version" : 3
}
